
Microsoft Visual Studio Solution File, Format Version 11.00
# Visual Studio 2010
Project("{2150E333-8FDC-42A3-9474-1A3956D46DE8}") = "Helpers", "Helpers", "{4A7589BB-C479-417A-87E1-7638F4CA24B3}"
EndProject
Project("{2150E333-8FDC-42A3-9474-1A3956D46DE8}") = "GuiHost", "GuiHost", "{1EBCD093-1FE9-4426-8870-CBB6FB200C9F}"
EndProject
Project("{2150E333-8FDC-42A3-9474-1A3956D46DE8}") = "Plugins", "Plugins", "{2FBB4A49-C4D6-4EF8-BBFA-4DFF8EB99E3E}"
EndProject
Project("{FAE04EC0-301F-11D3-BF4B-00C04F79EFBC}") = "Progebel.NDoctor.PluginHost.Test", "PluginHost\Progebel.NDoctor.PluginHost.Test\Progebel.NDoctor.PluginHost.Test.csproj", "{1C0022BB-704E-4871-8998-7867DBC464E9}"
EndProject
Project("{FAE04EC0-301F-11D3-BF4B-00C04F79EFBC}") = "Progebel.Helpers", "Helpers\Progebel.Helpers\Progebel.Helpers.csproj", "{18F7EA3E-0BF5-430F-9B1D-258BDAB6304E}"
EndProject
Project("{FAE04EC0-301F-11D3-BF4B-00C04F79EFBC}") = "Progebel.Helpers.Test", "Helpers\Progebel.Helpers.Test\Progebel.Helpers.Test.csproj", "{D1CF7F78-2D53-4F67-B064-67E2FBD4A989}"
EndProject
Project("{FAE04EC0-301F-11D3-BF4B-00C04F79EFBC}") = "Progebel.NDoctor.PluginHost.Core", "PluginHost\Progebel.NDoctor.PluginHost.Core\Progebel.NDoctor.PluginHost.Core.csproj", "{4273D14E-3361-4146-A20B-254F7CB4D3D2}"
EndProject
Project("{FAE04EC0-301F-11D3-BF4B-00C04F79EFBC}") = "Progebel.NDoctor.TestPlugin", "Plugins\Progebel.NDoctor.TestPlugin\Progebel.NDoctor.TestPlugin.csproj", "{2516A466-5393-4F04-93FF-90F33D653B86}"
EndProject
Project("{FAE04EC0-301F-11D3-BF4B-00C04F79EFBC}") = "Progebel.NDoctor.PluginHost.Host", "PluginHost\Progebel.NDoctor.PluginHost.Host\Progebel.NDoctor.PluginHost.Host.csproj", "{DABCFFD3-F665-431D-AE2D-059B198E08D6}"
EndProject
Project("{2150E333-8FDC-42A3-9474-1A3956D46DE8}") = "Domain", "Domain", "{41D8E2F6-7E09-4F6D-850E-B7CAFA2040B1}"
EndProject
Project("{FAE04EC0-301F-11D3-BF4B-00C04F79EFBC}") = "Progebel.NDoctor.Domain.BLL", "Domain\Progebel.NDoctor.Domain.BLL\Progebel.NDoctor.Domain.BLL.csproj", "{6EBEDE6E-8DFB-4B2E-9C04-57DD1E535FDB}"
EndProject
Global
	GlobalSection(SolutionConfigurationPlatforms) = preSolution
		Debug|Any CPU = Debug|Any CPU
		Debug|Mixed Platforms = Debug|Mixed Platforms
		Debug|x86 = Debug|x86
		Release|Any CPU = Release|Any CPU
		Release|Mixed Platforms = Release|Mixed Platforms
		Release|x86 = Release|x86
	EndGlobalSection
	GlobalSection(ProjectConfigurationPlatforms) = postSolution
		{1C0022BB-704E-4871-8998-7867DBC464E9}.Debug|Any CPU.ActiveCfg = Debug|Any CPU
		{1C0022BB-704E-4871-8998-7867DBC464E9}.Debug|Any CPU.Build.0 = Debug|Any CPU
		{1C0022BB-704E-4871-8998-7867DBC464E9}.Debug|Mixed Platforms.ActiveCfg = Debug|Any CPU
		{1C0022BB-704E-4871-8998-7867DBC464E9}.Debug|Mixed Platforms.Build.0 = Debug|Any CPU
		{1C0022BB-704E-4871-8998-7867DBC464E9}.Debug|x86.ActiveCfg = Debug|Any CPU
		{1C0022BB-704E-4871-8998-7867DBC464E9}.Release|Any CPU.ActiveCfg = Release|Any CPU
		{1C0022BB-704E-4871-8998-7867DBC464E9}.Release|Any CPU.Build.0 = Release|Any CPU
		{1C0022BB-704E-4871-8998-7867DBC464E9}.Release|Mixed Platforms.ActiveCfg = Release|Any CPU
		{1C0022BB-704E-4871-8998-7867DBC464E9}.Release|Mixed Platforms.Build.0 = Release|Any CPU
		{1C0022BB-704E-4871-8998-7867DBC464E9}.Release|x86.ActiveCfg = Release|Any CPU
		{18F7EA3E-0BF5-430F-9B1D-258BDAB6304E}.Debug|Any CPU.ActiveCfg = Debug|Any CPU
		{18F7EA3E-0BF5-430F-9B1D-258BDAB6304E}.Debug|Any CPU.Build.0 = Debug|Any CPU
		{18F7EA3E-0BF5-430F-9B1D-258BDAB6304E}.Debug|Mixed Platforms.ActiveCfg = Debug|Any CPU
		{18F7EA3E-0BF5-430F-9B1D-258BDAB6304E}.Debug|Mixed Platforms.Build.0 = Debug|Any CPU
		{18F7EA3E-0BF5-430F-9B1D-258BDAB6304E}.Debug|x86.ActiveCfg = Debug|Any CPU
		{18F7EA3E-0BF5-430F-9B1D-258BDAB6304E}.Release|Any CPU.ActiveCfg = Release|Any CPU
		{18F7EA3E-0BF5-430F-9B1D-258BDAB6304E}.Release|Any CPU.Build.0 = Release|Any CPU
		{18F7EA3E-0BF5-430F-9B1D-258BDAB6304E}.Release|Mixed Platforms.ActiveCfg = Release|Any CPU
		{18F7EA3E-0BF5-430F-9B1D-258BDAB6304E}.Release|Mixed Platforms.Build.0 = Release|Any CPU
		{18F7EA3E-0BF5-430F-9B1D-258BDAB6304E}.Release|x86.ActiveCfg = Release|Any CPU
		{D1CF7F78-2D53-4F67-B064-67E2FBD4A989}.Debug|Any CPU.ActiveCfg = Debug|Any CPU
		{D1CF7F78-2D53-4F67-B064-67E2FBD4A989}.Debug|Any CPU.Build.0 = Debug|Any CPU
		{D1CF7F78-2D53-4F67-B064-67E2FBD4A989}.Debug|Mixed Platforms.ActiveCfg = Debug|Any CPU
		{D1CF7F78-2D53-4F67-B064-67E2FBD4A989}.Debug|Mixed Platforms.Build.0 = Debug|Any CPU
		{D1CF7F78-2D53-4F67-B064-67E2FBD4A989}.Debug|x86.ActiveCfg = Debug|Any CPU
		{D1CF7F78-2D53-4F67-B064-67E2FBD4A989}.Release|Any CPU.ActiveCfg = Release|Any CPU
		{D1CF7F78-2D53-4F67-B064-67E2FBD4A989}.Release|Any CPU.Build.0 = Release|Any CPU
		{D1CF7F78-2D53-4F67-B064-67E2FBD4A989}.Release|Mixed Platforms.ActiveCfg = Release|Any CPU
		{D1CF7F78-2D53-4F67-B064-67E2FBD4A989}.Release|Mixed Platforms.Build.0 = Release|Any CPU
		{D1CF7F78-2D53-4F67-B064-67E2FBD4A989}.Release|x86.ActiveCfg = Release|Any CPU
		{4273D14E-3361-4146-A20B-254F7CB4D3D2}.Debug|Any CPU.ActiveCfg = Debug|Any CPU
		{4273D14E-3361-4146-A20B-254F7CB4D3D2}.Debug|Any CPU.Build.0 = Debug|Any CPU
		{4273D14E-3361-4146-A20B-254F7CB4D3D2}.Debug|Mixed Platforms.ActiveCfg = Debug|Any CPU
		{4273D14E-3361-4146-A20B-254F7CB4D3D2}.Debug|Mixed Platforms.Build.0 = Debug|Any CPU
		{4273D14E-3361-4146-A20B-254F7CB4D3D2}.Debug|x86.ActiveCfg = Debug|Any CPU
		{4273D14E-3361-4146-A20B-254F7CB4D3D2}.Release|Any CPU.ActiveCfg = Release|Any CPU
		{4273D14E-3361-4146-A20B-254F7CB4D3D2}.Release|Any CPU.Build.0 = Release|Any CPU
		{4273D14E-3361-4146-A20B-254F7CB4D3D2}.Release|Mixed Platforms.ActiveCfg = Release|Any CPU
		{4273D14E-3361-4146-A20B-254F7CB4D3D2}.Release|Mixed Platforms.Build.0 = Release|Any CPU
		{4273D14E-3361-4146-A20B-254F7CB4D3D2}.Release|x86.ActiveCfg = Release|Any CPU
		{2516A466-5393-4F04-93FF-90F33D653B86}.Debug|Any CPU.ActiveCfg = Debug|Any CPU
		{2516A466-5393-4F04-93FF-90F33D653B86}.Debug|Any CPU.Build.0 = Debug|Any CPU
		{2516A466-5393-4F04-93FF-90F33D653B86}.Debug|Mixed Platforms.ActiveCfg = Debug|Any CPU
		{2516A466-5393-4F04-93FF-90F33D653B86}.Debug|Mixed Platforms.Build.0 = Debug|Any CPU
		{2516A466-5393-4F04-93FF-90F33D653B86}.Debug|x86.ActiveCfg = Debug|Any CPU
		{2516A466-5393-4F04-93FF-90F33D653B86}.Release|Any CPU.ActiveCfg = Release|Any CPU
		{2516A466-5393-4F04-93FF-90F33D653B86}.Release|Any CPU.Build.0 = Release|Any CPU
		{2516A466-5393-4F04-93FF-90F33D653B86}.Release|Mixed Platforms.ActiveCfg = Release|Any CPU
		{2516A466-5393-4F04-93FF-90F33D653B86}.Release|Mixed Platforms.Build.0 = Release|Any CPU
		{2516A466-5393-4F04-93FF-90F33D653B86}.Release|x86.ActiveCfg = Release|Any CPU
		{DABCFFD3-F665-431D-AE2D-059B198E08D6}.Debug|Any CPU.ActiveCfg = Debug|x86
		{DABCFFD3-F665-431D-AE2D-059B198E08D6}.Debug|Mixed Platforms.ActiveCfg = Debug|x86
		{DABCFFD3-F665-431D-AE2D-059B198E08D6}.Debug|Mixed Platforms.Build.0 = Debug|x86
		{DABCFFD3-F665-431D-AE2D-059B198E08D6}.Debug|x86.ActiveCfg = Debug|x86
		{DABCFFD3-F665-431D-AE2D-059B198E08D6}.Debug|x86.Build.0 = Debug|x86
		{DABCFFD3-F665-431D-AE2D-059B198E08D6}.Release|Any CPU.ActiveCfg = Release|x86
		{DABCFFD3-F665-431D-AE2D-059B198E08D6}.Release|Mixed Platforms.ActiveCfg = Release|x86
		{DABCFFD3-F665-431D-AE2D-059B198E08D6}.Release|Mixed Platforms.Build.0 = Release|x86
		{DABCFFD3-F665-431D-AE2D-059B198E08D6}.Release|x86.ActiveCfg = Release|x86
		{DABCFFD3-F665-431D-AE2D-059B198E08D6}.Release|x86.Build.0 = Release|x86
		{6EBEDE6E-8DFB-4B2E-9C04-57DD1E535FDB}.Debug|Any CPU.ActiveCfg = Debug|Any CPU
		{6EBEDE6E-8DFB-4B2E-9C04-57DD1E535FDB}.Debug|Any CPU.Build.0 = Debug|Any CPU
		{6EBEDE6E-8DFB-4B2E-9C04-57DD1E535FDB}.Debug|Mixed Platforms.ActiveCfg = Debug|Any CPU
		{6EBEDE6E-8DFB-4B2E-9C04-57DD1E535FDB}.Debug|Mixed Platforms.Build.0 = Debug|Any CPU
		{6EBEDE6E-8DFB-4B2E-9C04-57DD1E535FDB}.Debug|x86.ActiveCfg = Debug|Any CPU
		{6EBEDE6E-8DFB-4B2E-9C04-57DD1E535FDB}.Release|Any CPU.ActiveCfg = Release|Any CPU
		{6EBEDE6E-8DFB-4B2E-9C04-57DD1E535FDB}.Release|Any CPU.Build.0 = Release|Any CPU
		{6EBEDE6E-8DFB-4B2E-9C04-57DD1E535FDB}.Release|Mixed Platforms.ActiveCfg = Release|Any CPU
		{6EBEDE6E-8DFB-4B2E-9C04-57DD1E535FDB}.Release|Mixed Platforms.Build.0 = Release|Any CPU
		{6EBEDE6E-8DFB-4B2E-9C04-57DD1E535FDB}.Release|x86.ActiveCfg = Release|Any CPU
	EndGlobalSection
	GlobalSection(SolutionProperties) = preSolution
		HideSolutionNode = FALSE
	EndGlobalSection
	GlobalSection(NestedProjects) = preSolution
		{18F7EA3E-0BF5-430F-9B1D-258BDAB6304E} = {4A7589BB-C479-417A-87E1-7638F4CA24B3}
		{D1CF7F78-2D53-4F67-B064-67E2FBD4A989} = {4A7589BB-C479-417A-87E1-7638F4CA24B3}
		{1C0022BB-704E-4871-8998-7867DBC464E9} = {1EBCD093-1FE9-4426-8870-CBB6FB200C9F}
		{4273D14E-3361-4146-A20B-254F7CB4D3D2} = {1EBCD093-1FE9-4426-8870-CBB6FB200C9F}
		{DABCFFD3-F665-431D-AE2D-059B198E08D6} = {1EBCD093-1FE9-4426-8870-CBB6FB200C9F}
		{2516A466-5393-4F04-93FF-90F33D653B86} = {2FBB4A49-C4D6-4EF8-BBFA-4DFF8EB99E3E}
		{6EBEDE6E-8DFB-4B2E-9C04-57DD1E535FDB} = {41D8E2F6-7E09-4F6D-850E-B7CAFA2040B1}
	EndGlobalSection
EndGlobal
